
Microsoft Visual Studio Solution File, Format Version 12.00
# Visual Studio Version 16
VisualStudioVersion = 16.0.30804.86
MinimumVisualStudioVersion = 10.0.40219.1
Project("{9A19103F-16F7-4668-BE54-9A1E7A4F7556}") = "CoreBlog", "CoreBlog\CoreBlog.csproj", "{48473B1D-9C62-4FFE-A9E3-1E3C380161C8}"
EndProject
Project("{9A19103F-16F7-4668-BE54-9A1E7A4F7556}") = "DataAccessLayer", "DataAccessLayer\DataAccessLayer.csproj", "{313D5354-705C-4B4A-8E40-E7C8AA4B2B24}"
EndProject
Project("{9A19103F-16F7-4668-BE54-9A1E7A4F7556}") = "BusinessLayer", "BusinessLayer\BusinessLayer.csproj", "{B204EDF4-13B0-4A8D-9F96-1463EA0081CD}"
EndProject
Project("{9A19103F-16F7-4668-BE54-9A1E7A4F7556}") = "CoreLayer", "CoreLayer\CoreLayer.csproj", "{7F447D05-D95F-4625-99DC-79AE5B42CC06}"
EndProject
Project("{9A19103F-16F7-4668-BE54-9A1E7A4F7556}") = "BlogApiDemo", "BlogApiDemo\BlogApiDemo.csproj", "{B13EBB11-0209-415A-98CF-77C62436094E}"
EndProject
Project("{9A19103F-16F7-4668-BE54-9A1E7A4F7556}") = "EntityLayer", "EntityLayer\EntityLayer.csproj", "{2F6E0296-5BD7-459A-8FA5-83C1369A3F93}"
EndProject
Global
	GlobalSection(SolutionConfigurationPlatforms) = preSolution
		Debug|Any CPU = Debug|Any CPU
		Release|Any CPU = Release|Any CPU
	EndGlobalSection
	GlobalSection(ProjectConfigurationPlatforms) = postSolution
		{48473B1D-9C62-4FFE-A9E3-1E3C380161C8}.Debug|Any CPU.ActiveCfg = Debug|Any CPU
		{48473B1D-9C62-4FFE-A9E3-1E3C380161C8}.Debug|Any CPU.Build.0 = Debug|Any CPU
		{48473B1D-9C62-4FFE-A9E3-1E3C380161C8}.Release|Any CPU.ActiveCfg = Release|Any CPU
		{48473B1D-9C62-4FFE-A9E3-1E3C380161C8}.Release|Any CPU.Build.0 = Release|Any CPU
		{313D5354-705C-4B4A-8E40-E7C8AA4B2B24}.Debug|Any CPU.ActiveCfg = Debug|Any CPU
		{313D5354-705C-4B4A-8E40-E7C8AA4B2B24}.Debug|Any CPU.Build.0 = Debug|Any CPU
		{313D5354-705C-4B4A-8E40-E7C8AA4B2B24}.Release|Any CPU.ActiveCfg = Release|Any CPU
		{313D5354-705C-4B4A-8E40-E7C8AA4B2B24}.Release|Any CPU.Build.0 = Release|Any CPU
		{B204EDF4-13B0-4A8D-9F96-1463EA0081CD}.Debug|Any CPU.ActiveCfg = Debug|Any CPU
		{B204EDF4-13B0-4A8D-9F96-1463EA0081CD}.Debug|Any CPU.Build.0 = Debug|Any CPU
		{B204EDF4-13B0-4A8D-9F96-1463EA0081CD}.Release|Any CPU.ActiveCfg = Release|Any CPU
		{B204EDF4-13B0-4A8D-9F96-1463EA0081CD}.Release|Any CPU.Build.0 = Release|Any CPU
		{7F447D05-D95F-4625-99DC-79AE5B42CC06}.Debug|Any CPU.ActiveCfg = Debug|Any CPU
		{7F447D05-D95F-4625-99DC-79AE5B42CC06}.Debug|Any CPU.Build.0 = Debug|Any CPU
		{7F447D05-D95F-4625-99DC-79AE5B42CC06}.Release|Any CPU.ActiveCfg = Release|Any CPU
		{7F447D05-D95F-4625-99DC-79AE5B42CC06}.Release|Any CPU.Build.0 = Release|Any CPU
		{B13EBB11-0209-415A-98CF-77C62436094E}.Debug|Any CPU.ActiveCfg = Debug|Any CPU
		{B13EBB11-0209-415A-98CF-77C62436094E}.Debug|Any CPU.Build.0 = Debug|Any CPU
		{B13EBB11-0209-415A-98CF-77C62436094E}.Release|Any CPU.ActiveCfg = Release|Any CPU
		{B13EBB11-0209-415A-98CF-77C62436094E}.Release|Any CPU.Build.0 = Release|Any CPU
		{2F6E0296-5BD7-459A-8FA5-83C1369A3F93}.Debug|Any CPU.ActiveCfg = Debug|Any CPU
		{2F6E0296-5BD7-459A-8FA5-83C1369A3F93}.Debug|Any CPU.Build.0 = Debug|Any CPU
		{2F6E0296-5BD7-459A-8FA5-83C1369A3F93}.Release|Any CPU.ActiveCfg = Release|Any CPU
		{2F6E0296-5BD7-459A-8FA5-83C1369A3F93}.Release|Any CPU.Build.0 = Release|Any CPU
	EndGlobalSection
	GlobalSection(SolutionProperties) = preSolution
		HideSolutionNode = FALSE
	EndGlobalSection
	GlobalSection(ExtensibilityGlobals) = postSolution
		SolutionGuid = {B3457843-2159-4704-91B3-94E0642CF326}
	EndGlobalSection
EndGlobal
